
Microsoft Visual Studio Solution File, Format Version 12.00
# Visual Studio Version 16
VisualStudioVersion = 16.0.29728.190
MinimumVisualStudioVersion = 10.0.40219.1
Project("{FAE04EC0-301F-11D3-BF4B-00C04F79EFBC}") = "WebApiVersioning", "WebApiVersioning.csproj", "{7E755257-C727-42AC-9FD3-53E06A224F22}"
EndProject
Global
	GlobalSection(SolutionConfigurationPlatforms) = preSolution
		Debug|Any CPU = Debug|Any CPU
		Release|Any CPU = Release|Any CPU
	EndGlobalSection
	GlobalSection(ProjectConfigurationPlatforms) = postSolution
		{7E755257-C727-42AC-9FD3-53E06A224F22}.Debug|Any CPU.ActiveCfg = Debug|Any CPU
		{7E755257-C727-42AC-9FD3-53E06A224F22}.Debug|Any CPU.Build.0 = Debug|Any CPU
		{7E755257-C727-42AC-9FD3-53E06A224F22}.Release|Any CPU.ActiveCfg = Release|Any CPU
		{7E755257-C727-42AC-9FD3-53E06A224F22}.Release|Any CPU.Build.0 = Release|Any CPU
	EndGlobalSection
	GlobalSection(SolutionProperties) = preSolution
		HideSolutionNode = FALSE
	EndGlobalSection
	GlobalSection(ExtensibilityGlobals) = postSolution
		SolutionGuid = {1E8877F0-C3FA-4A2F-A1E7-0E6E46F04782}
	EndGlobalSection
EndGlobal
